<?xml version="1.0" encoding="utf-8"?>
<Project ToolsVersion="4.0" xmlns="http://schemas.microsoft.com/developer/msbuild/2003">
  <ItemGroup>
    <ClCompile Include="dinput8.x86.cpp" />
    <ClCompile Include="dinput8.x64.cpp" />
  </ItemGroup>
  <ItemGroup>
    <None Include="dinput8.def" />
  </ItemGroup>
  <ItemGroup>
    <MASM Include="dinput8asm.x64.asm" />
  </ItemGroup>
</Project>